
Microsoft Visual Studio Solution File, Format Version 12.00
# Visual Studio Version 17
VisualStudioVersion = 17.8.34330.188
MinimumVisualStudioVersion = 10.0.40219.1
Project("{FAE04EC0-301F-11D3-BF4B-00C04F79EFBC}") = "MovieTexture", "MovieTexture\MovieTexture.csproj", "{102A5C01-62F6-4757-A626-7CAC4B35C330}"
EndProject
Global
	GlobalSection(SolutionConfigurationPlatforms) = preSolution
		Debug|Any CPU = Debug|Any CPU
		Release|Any CPU = Release|Any CPU
	EndGlobalSection
	GlobalSection(ProjectConfigurationPlatforms) = postSolution
		{102A5C01-62F6-4757-A626-7CAC4B35C330}.Debug|Any CPU.ActiveCfg = Debug|Any CPU
		{102A5C01-62F6-4757-A626-7CAC4B35C330}.Debug|Any CPU.Build.0 = Debug|Any CPU
		{102A5C01-62F6-4757-A626-7CAC4B35C330}.Release|Any CPU.ActiveCfg = Release|Any CPU
		{102A5C01-62F6-4757-A626-7CAC4B35C330}.Release|Any CPU.Build.0 = Release|Any CPU
	EndGlobalSection
	GlobalSection(SolutionProperties) = preSolution
		HideSolutionNode = FALSE
	EndGlobalSection
	GlobalSection(ExtensibilityGlobals) = postSolution
		SolutionGuid = {394058BA-90DF-4CB7-B7BD-C3DF5AB67399}
	EndGlobalSection
EndGlobal
